
Microsoft Visual Studio Solution File, Format Version 11.00
# Visual Studio 2010
Project("{FAE04EC0-301F-11D3-BF4B-00C04F79EFBC}") = "CloudAE.App", "CloudAE.App\CloudAE.App.csproj", "{2A1C3795-3288-4ACE-AEC5-7EB039AFC800}"
EndProject
Project("{FAE04EC0-301F-11D3-BF4B-00C04F79EFBC}") = "CloudAE.Core", "CloudAE.Core\CloudAE.Core.csproj", "{3AE0AF74-13AE-46F9-89FD-7BFE60F985ED}"
EndProject
Project("{8BC9CEB8-8B4A-11D0-8D11-00A0C91BC942}") = "CloudAE.Interop.LASzip", "CloudAE.Interop.LASzip\CloudAE.Interop.LASzip.vcxproj", "{961E1A9D-C8AC-4C12-8DA9-4A7A3EE8EEAC}"
EndProject
Project("{FAE04EC0-301F-11D3-BF4B-00C04F79EFBC}") = "CloudAE.Tools3D", "CloudAE.Tools3D\CloudAE.Tools3D.csproj", "{009F83E9-A201-44E2-8CEB-6B195DF764C7}"
EndProject
Project("{FAE04EC0-301F-11D3-BF4B-00C04F79EFBC}") = "Jacere.Data.PointCloud", "Jacere.Data.PointCloud\Jacere.Data.PointCloud.csproj", "{0CFC88FE-A4AB-4336-97CD-03A41D6106AF}"
EndProject
Global
	GlobalSection(SubversionScc) = preSolution
		Svn-Managed = True
		Manager = AnkhSVN - Subversion Support for Visual Studio
	EndGlobalSection
	GlobalSection(SolutionConfigurationPlatforms) = preSolution
		Debug|Any CPU = Debug|Any CPU
		Debug|Mixed Platforms = Debug|Mixed Platforms
		Debug|Win32 = Debug|Win32
		Debug|x64 = Debug|x64
		Debug|x86 = Debug|x86
		Release|Any CPU = Release|Any CPU
		Release|Mixed Platforms = Release|Mixed Platforms
		Release|Win32 = Release|Win32
		Release|x64 = Release|x64
		Release|x86 = Release|x86
	EndGlobalSection
	GlobalSection(ProjectConfigurationPlatforms) = postSolution
		{2A1C3795-3288-4ACE-AEC5-7EB039AFC800}.Debug|Any CPU.ActiveCfg = Debug|x86
		{2A1C3795-3288-4ACE-AEC5-7EB039AFC800}.Debug|Any CPU.Build.0 = Debug|x86
		{2A1C3795-3288-4ACE-AEC5-7EB039AFC800}.Debug|Mixed Platforms.ActiveCfg = Debug|x86
		{2A1C3795-3288-4ACE-AEC5-7EB039AFC800}.Debug|Mixed Platforms.Build.0 = Debug|x86
		{2A1C3795-3288-4ACE-AEC5-7EB039AFC800}.Debug|Win32.ActiveCfg = Debug|x86
		{2A1C3795-3288-4ACE-AEC5-7EB039AFC800}.Debug|x64.ActiveCfg = Debug|x86
		{2A1C3795-3288-4ACE-AEC5-7EB039AFC800}.Debug|x86.ActiveCfg = Debug|x86
		{2A1C3795-3288-4ACE-AEC5-7EB039AFC800}.Debug|x86.Build.0 = Debug|x86
		{2A1C3795-3288-4ACE-AEC5-7EB039AFC800}.Release|Any CPU.ActiveCfg = Release|x86
		{2A1C3795-3288-4ACE-AEC5-7EB039AFC800}.Release|Any CPU.Build.0 = Release|x86
		{2A1C3795-3288-4ACE-AEC5-7EB039AFC800}.Release|Mixed Platforms.ActiveCfg = Release|x86
		{2A1C3795-3288-4ACE-AEC5-7EB039AFC800}.Release|Mixed Platforms.Build.0 = Release|x86
		{2A1C3795-3288-4ACE-AEC5-7EB039AFC800}.Release|Win32.ActiveCfg = Release|x86
		{2A1C3795-3288-4ACE-AEC5-7EB039AFC800}.Release|x64.ActiveCfg = Release|x86
		{2A1C3795-3288-4ACE-AEC5-7EB039AFC800}.Release|x86.ActiveCfg = Release|x86
		{2A1C3795-3288-4ACE-AEC5-7EB039AFC800}.Release|x86.Build.0 = Release|x86
		{3AE0AF74-13AE-46F9-89FD-7BFE60F985ED}.Debug|Any CPU.ActiveCfg = Debug|Any CPU
		{3AE0AF74-13AE-46F9-89FD-7BFE60F985ED}.Debug|Any CPU.Build.0 = Debug|Any CPU
		{3AE0AF74-13AE-46F9-89FD-7BFE60F985ED}.Debug|Mixed Platforms.ActiveCfg = Debug|Any CPU
		{3AE0AF74-13AE-46F9-89FD-7BFE60F985ED}.Debug|Mixed Platforms.Build.0 = Debug|Any CPU
		{3AE0AF74-13AE-46F9-89FD-7BFE60F985ED}.Debug|Win32.ActiveCfg = Debug|Any CPU
		{3AE0AF74-13AE-46F9-89FD-7BFE60F985ED}.Debug|x64.ActiveCfg = Debug|Any CPU
		{3AE0AF74-13AE-46F9-89FD-7BFE60F985ED}.Debug|x86.ActiveCfg = Debug|Any CPU
		{3AE0AF74-13AE-46F9-89FD-7BFE60F985ED}.Debug|x86.Build.0 = Debug|Any CPU
		{3AE0AF74-13AE-46F9-89FD-7BFE60F985ED}.Release|Any CPU.ActiveCfg = Release|Any CPU
		{3AE0AF74-13AE-46F9-89FD-7BFE60F985ED}.Release|Any CPU.Build.0 = Release|Any CPU
		{3AE0AF74-13AE-46F9-89FD-7BFE60F985ED}.Release|Mixed Platforms.ActiveCfg = Release|Any CPU
		{3AE0AF74-13AE-46F9-89FD-7BFE60F985ED}.Release|Mixed Platforms.Build.0 = Release|Any CPU
		{3AE0AF74-13AE-46F9-89FD-7BFE60F985ED}.Release|Win32.ActiveCfg = Release|Any CPU
		{3AE0AF74-13AE-46F9-89FD-7BFE60F985ED}.Release|x64.ActiveCfg = Release|Any CPU
		{3AE0AF74-13AE-46F9-89FD-7BFE60F985ED}.Release|x86.ActiveCfg = Release|Any CPU
		{3AE0AF74-13AE-46F9-89FD-7BFE60F985ED}.Release|x86.Build.0 = Release|Any CPU
		{961E1A9D-C8AC-4C12-8DA9-4A7A3EE8EEAC}.Debug|Any CPU.ActiveCfg = Debug|Win32
		{961E1A9D-C8AC-4C12-8DA9-4A7A3EE8EEAC}.Debug|Any CPU.Build.0 = Debug|Win32
		{961E1A9D-C8AC-4C12-8DA9-4A7A3EE8EEAC}.Debug|Mixed Platforms.ActiveCfg = Debug|Win32
		{961E1A9D-C8AC-4C12-8DA9-4A7A3EE8EEAC}.Debug|Mixed Platforms.Build.0 = Debug|Win32
		{961E1A9D-C8AC-4C12-8DA9-4A7A3EE8EEAC}.Debug|Win32.ActiveCfg = Debug|Win32
		{961E1A9D-C8AC-4C12-8DA9-4A7A3EE8EEAC}.Debug|Win32.Build.0 = Debug|Win32
		{961E1A9D-C8AC-4C12-8DA9-4A7A3EE8EEAC}.Debug|x64.ActiveCfg = Debug|x64
		{961E1A9D-C8AC-4C12-8DA9-4A7A3EE8EEAC}.Debug|x64.Build.0 = Debug|x64
		{961E1A9D-C8AC-4C12-8DA9-4A7A3EE8EEAC}.Debug|x86.ActiveCfg = Debug|Win32
		{961E1A9D-C8AC-4C12-8DA9-4A7A3EE8EEAC}.Release|Any CPU.ActiveCfg = Release|x64
		{961E1A9D-C8AC-4C12-8DA9-4A7A3EE8EEAC}.Release|Any CPU.Build.0 = Release|x64
		{961E1A9D-C8AC-4C12-8DA9-4A7A3EE8EEAC}.Release|Mixed Platforms.ActiveCfg = Release|Win32
		{961E1A9D-C8AC-4C12-8DA9-4A7A3EE8EEAC}.Release|Mixed Platforms.Build.0 = Release|Win32
		{961E1A9D-C8AC-4C12-8DA9-4A7A3EE8EEAC}.Release|Win32.ActiveCfg = Release|Win32
		{961E1A9D-C8AC-4C12-8DA9-4A7A3EE8EEAC}.Release|Win32.Build.0 = Release|Win32
		{961E1A9D-C8AC-4C12-8DA9-4A7A3EE8EEAC}.Release|x64.ActiveCfg = Release|x64
		{961E1A9D-C8AC-4C12-8DA9-4A7A3EE8EEAC}.Release|x86.ActiveCfg = Release|Win32
		{009F83E9-A201-44E2-8CEB-6B195DF764C7}.Debug|Any CPU.ActiveCfg = Debug|Any CPU
		{009F83E9-A201-44E2-8CEB-6B195DF764C7}.Debug|Any CPU.Build.0 = Debug|Any CPU
		{009F83E9-A201-44E2-8CEB-6B195DF764C7}.Debug|Mixed Platforms.ActiveCfg = Debug|Any CPU
		{009F83E9-A201-44E2-8CEB-6B195DF764C7}.Debug|Mixed Platforms.Build.0 = Debug|Any CPU
		{009F83E9-A201-44E2-8CEB-6B195DF764C7}.Debug|Win32.ActiveCfg = Debug|Any CPU
		{009F83E9-A201-44E2-8CEB-6B195DF764C7}.Debug|x64.ActiveCfg = Debug|Any CPU
		{009F83E9-A201-44E2-8CEB-6B195DF764C7}.Debug|x86.ActiveCfg = Debug|Any CPU
		{009F83E9-A201-44E2-8CEB-6B195DF764C7}.Release|Any CPU.ActiveCfg = Release|Any CPU
		{009F83E9-A201-44E2-8CEB-6B195DF764C7}.Release|Any CPU.Build.0 = Release|Any CPU
		{009F83E9-A201-44E2-8CEB-6B195DF764C7}.Release|Mixed Platforms.ActiveCfg = Release|Any CPU
		{009F83E9-A201-44E2-8CEB-6B195DF764C7}.Release|Mixed Platforms.Build.0 = Release|Any CPU
		{009F83E9-A201-44E2-8CEB-6B195DF764C7}.Release|Win32.ActiveCfg = Release|Any CPU
		{009F83E9-A201-44E2-8CEB-6B195DF764C7}.Release|x64.ActiveCfg = Release|Any CPU
		{009F83E9-A201-44E2-8CEB-6B195DF764C7}.Release|x86.ActiveCfg = Release|Any CPU
		{0CFC88FE-A4AB-4336-97CD-03A41D6106AF}.Debug|Any CPU.ActiveCfg = Debug|Any CPU
		{0CFC88FE-A4AB-4336-97CD-03A41D6106AF}.Debug|Any CPU.Build.0 = Debug|Any CPU
		{0CFC88FE-A4AB-4336-97CD-03A41D6106AF}.Debug|Mixed Platforms.ActiveCfg = Debug|Any CPU
		{0CFC88FE-A4AB-4336-97CD-03A41D6106AF}.Debug|Mixed Platforms.Build.0 = Debug|Any CPU
		{0CFC88FE-A4AB-4336-97CD-03A41D6106AF}.Debug|Win32.ActiveCfg = Debug|Any CPU
		{0CFC88FE-A4AB-4336-97CD-03A41D6106AF}.Debug|x64.ActiveCfg = Debug|Any CPU
		{0CFC88FE-A4AB-4336-97CD-03A41D6106AF}.Debug|x86.ActiveCfg = Debug|Any CPU
		{0CFC88FE-A4AB-4336-97CD-03A41D6106AF}.Release|Any CPU.ActiveCfg = Release|Any CPU
		{0CFC88FE-A4AB-4336-97CD-03A41D6106AF}.Release|Any CPU.Build.0 = Release|Any CPU
		{0CFC88FE-A4AB-4336-97CD-03A41D6106AF}.Release|Mixed Platforms.ActiveCfg = Release|Any CPU
		{0CFC88FE-A4AB-4336-97CD-03A41D6106AF}.Release|Mixed Platforms.Build.0 = Release|Any CPU
		{0CFC88FE-A4AB-4336-97CD-03A41D6106AF}.Release|Win32.ActiveCfg = Release|Any CPU
		{0CFC88FE-A4AB-4336-97CD-03A41D6106AF}.Release|x64.ActiveCfg = Release|Any CPU
		{0CFC88FE-A4AB-4336-97CD-03A41D6106AF}.Release|x86.ActiveCfg = Release|Any CPU
	EndGlobalSection
	GlobalSection(SolutionProperties) = preSolution
		HideSolutionNode = FALSE
	EndGlobalSection
EndGlobal
